
Microsoft Visual Studio Solution File, Format Version 12.00
# Visual Studio Version 17
VisualStudioVersion = 17.10.35013.160
MinimumVisualStudioVersion = 10.0.40219.1
Project("{FAE04EC0-301F-11D3-BF4B-00C04F79EFBC}") = "Student-Portal-(CRUD-Ops)", "Student-Portal-(CRUD-Ops).csproj", "{151811B4-BA48-4CEC-B2B8-CDA129CF3210}"
EndProject
Global
	GlobalSection(SolutionConfigurationPlatforms) = preSolution
		Debug|Any CPU = Debug|Any CPU
		Release|Any CPU = Release|Any CPU
	EndGlobalSection
	GlobalSection(ProjectConfigurationPlatforms) = postSolution
		{151811B4-BA48-4CEC-B2B8-CDA129CF3210}.Debug|Any CPU.ActiveCfg = Debug|Any CPU
		{151811B4-BA48-4CEC-B2B8-CDA129CF3210}.Debug|Any CPU.Build.0 = Debug|Any CPU
		{151811B4-BA48-4CEC-B2B8-CDA129CF3210}.Release|Any CPU.ActiveCfg = Release|Any CPU
		{151811B4-BA48-4CEC-B2B8-CDA129CF3210}.Release|Any CPU.Build.0 = Release|Any CPU
	EndGlobalSection
	GlobalSection(SolutionProperties) = preSolution
		HideSolutionNode = FALSE
	EndGlobalSection
	GlobalSection(ExtensibilityGlobals) = postSolution
		SolutionGuid = {7953E247-1C9F-4626-9DEB-279E5C5B2E70}
	EndGlobalSection
EndGlobal
